
Microsoft Visual Studio Solution File, Format Version 12.00
# Visual Studio 2012
Project("{FAE04EC0-301F-11D3-BF4B-00C04F79EFBC}") = "Model", "Model\Model.csproj", "{07FF04CE-CD58-4F73-BE3C-A1B307EEA65F}"
EndProject
Project("{FAE04EC0-301F-11D3-BF4B-00C04F79EFBC}") = "Existentialist", "..\Existentialist\Existentialist.csproj", "{C3A9BCB4-63B4-4D38-9FA7-2D7529988E42}"
EndProject
Project("{FAE04EC0-301F-11D3-BF4B-00C04F79EFBC}") = "Existentialist.Tests", "..\Existentialist.Tests\Existentialist.Tests.csproj", "{8A136481-D45B-4DA4-B48F-B6155E63328D}"
EndProject
Global
	GlobalSection(SolutionConfigurationPlatforms) = preSolution
		Debug|Any CPU = Debug|Any CPU
		Release|Any CPU = Release|Any CPU
	EndGlobalSection
	GlobalSection(ProjectConfigurationPlatforms) = postSolution
		{07FF04CE-CD58-4F73-BE3C-A1B307EEA65F}.Debug|Any CPU.ActiveCfg = Debug|Any CPU
		{07FF04CE-CD58-4F73-BE3C-A1B307EEA65F}.Debug|Any CPU.Build.0 = Debug|Any CPU
		{07FF04CE-CD58-4F73-BE3C-A1B307EEA65F}.Release|Any CPU.ActiveCfg = Release|Any CPU
		{07FF04CE-CD58-4F73-BE3C-A1B307EEA65F}.Release|Any CPU.Build.0 = Release|Any CPU
		{C3A9BCB4-63B4-4D38-9FA7-2D7529988E42}.Debug|Any CPU.ActiveCfg = Debug|Any CPU
		{C3A9BCB4-63B4-4D38-9FA7-2D7529988E42}.Debug|Any CPU.Build.0 = Debug|Any CPU
		{C3A9BCB4-63B4-4D38-9FA7-2D7529988E42}.Release|Any CPU.ActiveCfg = Release|Any CPU
		{C3A9BCB4-63B4-4D38-9FA7-2D7529988E42}.Release|Any CPU.Build.0 = Release|Any CPU
		{8A136481-D45B-4DA4-B48F-B6155E63328D}.Debug|Any CPU.ActiveCfg = Debug|Any CPU
		{8A136481-D45B-4DA4-B48F-B6155E63328D}.Debug|Any CPU.Build.0 = Debug|Any CPU
		{8A136481-D45B-4DA4-B48F-B6155E63328D}.Release|Any CPU.ActiveCfg = Release|Any CPU
		{8A136481-D45B-4DA4-B48F-B6155E63328D}.Release|Any CPU.Build.0 = Release|Any CPU
	EndGlobalSection
	GlobalSection(SolutionProperties) = preSolution
		HideSolutionNode = FALSE
	EndGlobalSection
EndGlobal
