
Microsoft Visual Studio Solution File, Format Version 12.00
# Visual Studio 2012
Project("{2150E333-8FDC-42A3-9474-1A3956D46DE8}") = ".nuget", ".nuget", "{DE2A2EC3-8A6A-48B4-9720-025988C7DBA6}"
	ProjectSection(SolutionItems) = preProject
		.nuget\NuGet.Config = .nuget\NuGet.Config
		.nuget\NuGet.exe = .nuget\NuGet.exe
		.nuget\NuGet.targets = .nuget\NuGet.targets
	EndProjectSection
EndProject
Project("{262852C6-CD72-467D-83FE-5EEB1973A190}") = "grid", "grid\grid.jsproj", "{50B68858-CBEA-4E06-942C-20FEE5BCE3EE}"
EndProject
Project("{262852C6-CD72-467D-83FE-5EEB1973A190}") = "split", "split\split.jsproj", "{B37CB8AD-907D-42A8-A815-3176F240FD93}"
EndProject
Project("{2150E333-8FDC-42A3-9474-1A3956D46DE8}") = "Project Files", "Project Files", "{8BAC1D69-ACBE-4A8A-A8F8-53031086C530}"
	ProjectSection(SolutionItems) = preProject
		.gitignore = .gitignore
		README.md = README.md
	EndProjectSection
EndProject
Project("{FAE04EC0-301F-11D3-BF4B-00C04F79EFBC}") = "grid_sharp", "grid_sharp\grid_sharp.csproj", "{2C5CF118-B1CF-4245-9368-BA66E431DE03}"
EndProject
Project("{FAE04EC0-301F-11D3-BF4B-00C04F79EFBC}") = "split_sharp", "split_sharp\split_sharp.csproj", "{24B24C85-9658-4932-B7CA-7274DA018B6E}"
EndProject
Project("{2150E333-8FDC-42A3-9474-1A3956D46DE8}") = "Sample Projects", "Sample Projects", "{E8AABEA6-9EF3-4C19-8057-80B6B1922B62}"
EndProject
Project("{FAE04EC0-301F-11D3-BF4B-00C04F79EFBC}") = "Junction", "Junction\Junction.csproj", "{9A60C0E4-1926-4C68-B1A9-823D0FB92809}"
EndProject
Global
	GlobalSection(SolutionConfigurationPlatforms) = preSolution
		Debug|Any CPU = Debug|Any CPU
		Debug|ARM = Debug|ARM
		Debug|x64 = Debug|x64
		Debug|x86 = Debug|x86
		Release|Any CPU = Release|Any CPU
		Release|ARM = Release|ARM
		Release|x64 = Release|x64
		Release|x86 = Release|x86
	EndGlobalSection
	GlobalSection(ProjectConfigurationPlatforms) = postSolution
		{50B68858-CBEA-4E06-942C-20FEE5BCE3EE}.Debug|Any CPU.ActiveCfg = Debug|Any CPU
		{50B68858-CBEA-4E06-942C-20FEE5BCE3EE}.Debug|Any CPU.Build.0 = Debug|Any CPU
		{50B68858-CBEA-4E06-942C-20FEE5BCE3EE}.Debug|Any CPU.Deploy.0 = Debug|Any CPU
		{50B68858-CBEA-4E06-942C-20FEE5BCE3EE}.Debug|ARM.ActiveCfg = Debug|ARM
		{50B68858-CBEA-4E06-942C-20FEE5BCE3EE}.Debug|ARM.Build.0 = Debug|ARM
		{50B68858-CBEA-4E06-942C-20FEE5BCE3EE}.Debug|ARM.Deploy.0 = Debug|ARM
		{50B68858-CBEA-4E06-942C-20FEE5BCE3EE}.Debug|x64.ActiveCfg = Debug|x64
		{50B68858-CBEA-4E06-942C-20FEE5BCE3EE}.Debug|x64.Build.0 = Debug|x64
		{50B68858-CBEA-4E06-942C-20FEE5BCE3EE}.Debug|x64.Deploy.0 = Debug|x64
		{50B68858-CBEA-4E06-942C-20FEE5BCE3EE}.Debug|x86.ActiveCfg = Debug|x86
		{50B68858-CBEA-4E06-942C-20FEE5BCE3EE}.Debug|x86.Build.0 = Debug|x86
		{50B68858-CBEA-4E06-942C-20FEE5BCE3EE}.Debug|x86.Deploy.0 = Debug|x86
		{50B68858-CBEA-4E06-942C-20FEE5BCE3EE}.Release|Any CPU.ActiveCfg = Release|Any CPU
		{50B68858-CBEA-4E06-942C-20FEE5BCE3EE}.Release|Any CPU.Build.0 = Release|Any CPU
		{50B68858-CBEA-4E06-942C-20FEE5BCE3EE}.Release|Any CPU.Deploy.0 = Release|Any CPU
		{50B68858-CBEA-4E06-942C-20FEE5BCE3EE}.Release|ARM.ActiveCfg = Release|ARM
		{50B68858-CBEA-4E06-942C-20FEE5BCE3EE}.Release|ARM.Build.0 = Release|ARM
		{50B68858-CBEA-4E06-942C-20FEE5BCE3EE}.Release|ARM.Deploy.0 = Release|ARM
		{50B68858-CBEA-4E06-942C-20FEE5BCE3EE}.Release|x64.ActiveCfg = Release|x64
		{50B68858-CBEA-4E06-942C-20FEE5BCE3EE}.Release|x64.Build.0 = Release|x64
		{50B68858-CBEA-4E06-942C-20FEE5BCE3EE}.Release|x64.Deploy.0 = Release|x64
		{50B68858-CBEA-4E06-942C-20FEE5BCE3EE}.Release|x86.ActiveCfg = Release|x86
		{50B68858-CBEA-4E06-942C-20FEE5BCE3EE}.Release|x86.Build.0 = Release|x86
		{50B68858-CBEA-4E06-942C-20FEE5BCE3EE}.Release|x86.Deploy.0 = Release|x86
		{B37CB8AD-907D-42A8-A815-3176F240FD93}.Debug|Any CPU.ActiveCfg = Debug|Any CPU
		{B37CB8AD-907D-42A8-A815-3176F240FD93}.Debug|Any CPU.Build.0 = Debug|Any CPU
		{B37CB8AD-907D-42A8-A815-3176F240FD93}.Debug|Any CPU.Deploy.0 = Debug|Any CPU
		{B37CB8AD-907D-42A8-A815-3176F240FD93}.Debug|ARM.ActiveCfg = Debug|ARM
		{B37CB8AD-907D-42A8-A815-3176F240FD93}.Debug|ARM.Build.0 = Debug|ARM
		{B37CB8AD-907D-42A8-A815-3176F240FD93}.Debug|ARM.Deploy.0 = Debug|ARM
		{B37CB8AD-907D-42A8-A815-3176F240FD93}.Debug|x64.ActiveCfg = Debug|x64
		{B37CB8AD-907D-42A8-A815-3176F240FD93}.Debug|x64.Build.0 = Debug|x64
		{B37CB8AD-907D-42A8-A815-3176F240FD93}.Debug|x64.Deploy.0 = Debug|x64
		{B37CB8AD-907D-42A8-A815-3176F240FD93}.Debug|x86.ActiveCfg = Debug|x86
		{B37CB8AD-907D-42A8-A815-3176F240FD93}.Debug|x86.Build.0 = Debug|x86
		{B37CB8AD-907D-42A8-A815-3176F240FD93}.Debug|x86.Deploy.0 = Debug|x86
		{B37CB8AD-907D-42A8-A815-3176F240FD93}.Release|Any CPU.ActiveCfg = Release|Any CPU
		{B37CB8AD-907D-42A8-A815-3176F240FD93}.Release|Any CPU.Build.0 = Release|Any CPU
		{B37CB8AD-907D-42A8-A815-3176F240FD93}.Release|Any CPU.Deploy.0 = Release|Any CPU
		{B37CB8AD-907D-42A8-A815-3176F240FD93}.Release|ARM.ActiveCfg = Release|ARM
		{B37CB8AD-907D-42A8-A815-3176F240FD93}.Release|ARM.Build.0 = Release|ARM
		{B37CB8AD-907D-42A8-A815-3176F240FD93}.Release|ARM.Deploy.0 = Release|ARM
		{B37CB8AD-907D-42A8-A815-3176F240FD93}.Release|x64.ActiveCfg = Release|x64
		{B37CB8AD-907D-42A8-A815-3176F240FD93}.Release|x64.Build.0 = Release|x64
		{B37CB8AD-907D-42A8-A815-3176F240FD93}.Release|x64.Deploy.0 = Release|x64
		{B37CB8AD-907D-42A8-A815-3176F240FD93}.Release|x86.ActiveCfg = Release|x86
		{B37CB8AD-907D-42A8-A815-3176F240FD93}.Release|x86.Build.0 = Release|x86
		{B37CB8AD-907D-42A8-A815-3176F240FD93}.Release|x86.Deploy.0 = Release|x86
		{2C5CF118-B1CF-4245-9368-BA66E431DE03}.Debug|Any CPU.ActiveCfg = Debug|Any CPU
		{2C5CF118-B1CF-4245-9368-BA66E431DE03}.Debug|Any CPU.Build.0 = Debug|Any CPU
		{2C5CF118-B1CF-4245-9368-BA66E431DE03}.Debug|Any CPU.Deploy.0 = Debug|Any CPU
		{2C5CF118-B1CF-4245-9368-BA66E431DE03}.Debug|ARM.ActiveCfg = Debug|ARM
		{2C5CF118-B1CF-4245-9368-BA66E431DE03}.Debug|ARM.Build.0 = Debug|ARM
		{2C5CF118-B1CF-4245-9368-BA66E431DE03}.Debug|ARM.Deploy.0 = Debug|ARM
		{2C5CF118-B1CF-4245-9368-BA66E431DE03}.Debug|x64.ActiveCfg = Debug|x64
		{2C5CF118-B1CF-4245-9368-BA66E431DE03}.Debug|x64.Build.0 = Debug|x64
		{2C5CF118-B1CF-4245-9368-BA66E431DE03}.Debug|x64.Deploy.0 = Debug|x64
		{2C5CF118-B1CF-4245-9368-BA66E431DE03}.Debug|x86.ActiveCfg = Debug|x86
		{2C5CF118-B1CF-4245-9368-BA66E431DE03}.Debug|x86.Build.0 = Debug|x86
		{2C5CF118-B1CF-4245-9368-BA66E431DE03}.Debug|x86.Deploy.0 = Debug|x86
		{2C5CF118-B1CF-4245-9368-BA66E431DE03}.Release|Any CPU.ActiveCfg = Release|Any CPU
		{2C5CF118-B1CF-4245-9368-BA66E431DE03}.Release|Any CPU.Build.0 = Release|Any CPU
		{2C5CF118-B1CF-4245-9368-BA66E431DE03}.Release|Any CPU.Deploy.0 = Release|Any CPU
		{2C5CF118-B1CF-4245-9368-BA66E431DE03}.Release|ARM.ActiveCfg = Release|ARM
		{2C5CF118-B1CF-4245-9368-BA66E431DE03}.Release|ARM.Build.0 = Release|ARM
		{2C5CF118-B1CF-4245-9368-BA66E431DE03}.Release|ARM.Deploy.0 = Release|ARM
		{2C5CF118-B1CF-4245-9368-BA66E431DE03}.Release|x64.ActiveCfg = Release|x64
		{2C5CF118-B1CF-4245-9368-BA66E431DE03}.Release|x64.Build.0 = Release|x64
		{2C5CF118-B1CF-4245-9368-BA66E431DE03}.Release|x64.Deploy.0 = Release|x64
		{2C5CF118-B1CF-4245-9368-BA66E431DE03}.Release|x86.ActiveCfg = Release|x86
		{2C5CF118-B1CF-4245-9368-BA66E431DE03}.Release|x86.Build.0 = Release|x86
		{2C5CF118-B1CF-4245-9368-BA66E431DE03}.Release|x86.Deploy.0 = Release|x86
		{24B24C85-9658-4932-B7CA-7274DA018B6E}.Debug|Any CPU.ActiveCfg = Debug|Any CPU
		{24B24C85-9658-4932-B7CA-7274DA018B6E}.Debug|Any CPU.Build.0 = Debug|Any CPU
		{24B24C85-9658-4932-B7CA-7274DA018B6E}.Debug|Any CPU.Deploy.0 = Debug|Any CPU
		{24B24C85-9658-4932-B7CA-7274DA018B6E}.Debug|ARM.ActiveCfg = Debug|ARM
		{24B24C85-9658-4932-B7CA-7274DA018B6E}.Debug|ARM.Build.0 = Debug|ARM
		{24B24C85-9658-4932-B7CA-7274DA018B6E}.Debug|ARM.Deploy.0 = Debug|ARM
		{24B24C85-9658-4932-B7CA-7274DA018B6E}.Debug|x64.ActiveCfg = Debug|x64
		{24B24C85-9658-4932-B7CA-7274DA018B6E}.Debug|x64.Build.0 = Debug|x64
		{24B24C85-9658-4932-B7CA-7274DA018B6E}.Debug|x64.Deploy.0 = Debug|x64
		{24B24C85-9658-4932-B7CA-7274DA018B6E}.Debug|x86.ActiveCfg = Debug|x86
		{24B24C85-9658-4932-B7CA-7274DA018B6E}.Debug|x86.Build.0 = Debug|x86
		{24B24C85-9658-4932-B7CA-7274DA018B6E}.Debug|x86.Deploy.0 = Debug|x86
		{24B24C85-9658-4932-B7CA-7274DA018B6E}.Release|Any CPU.ActiveCfg = Release|Any CPU
		{24B24C85-9658-4932-B7CA-7274DA018B6E}.Release|Any CPU.Build.0 = Release|Any CPU
		{24B24C85-9658-4932-B7CA-7274DA018B6E}.Release|Any CPU.Deploy.0 = Release|Any CPU
		{24B24C85-9658-4932-B7CA-7274DA018B6E}.Release|ARM.ActiveCfg = Release|ARM
		{24B24C85-9658-4932-B7CA-7274DA018B6E}.Release|ARM.Build.0 = Release|ARM
		{24B24C85-9658-4932-B7CA-7274DA018B6E}.Release|ARM.Deploy.0 = Release|ARM
		{24B24C85-9658-4932-B7CA-7274DA018B6E}.Release|x64.ActiveCfg = Release|x64
		{24B24C85-9658-4932-B7CA-7274DA018B6E}.Release|x64.Build.0 = Release|x64
		{24B24C85-9658-4932-B7CA-7274DA018B6E}.Release|x64.Deploy.0 = Release|x64
		{24B24C85-9658-4932-B7CA-7274DA018B6E}.Release|x86.ActiveCfg = Release|x86
		{24B24C85-9658-4932-B7CA-7274DA018B6E}.Release|x86.Build.0 = Release|x86
		{24B24C85-9658-4932-B7CA-7274DA018B6E}.Release|x86.Deploy.0 = Release|x86
		{9A60C0E4-1926-4C68-B1A9-823D0FB92809}.Debug|Any CPU.ActiveCfg = Debug|Any CPU
		{9A60C0E4-1926-4C68-B1A9-823D0FB92809}.Debug|Any CPU.Build.0 = Debug|Any CPU
		{9A60C0E4-1926-4C68-B1A9-823D0FB92809}.Debug|Any CPU.Deploy.0 = Debug|Any CPU
		{9A60C0E4-1926-4C68-B1A9-823D0FB92809}.Debug|ARM.ActiveCfg = Debug|ARM
		{9A60C0E4-1926-4C68-B1A9-823D0FB92809}.Debug|ARM.Build.0 = Debug|ARM
		{9A60C0E4-1926-4C68-B1A9-823D0FB92809}.Debug|ARM.Deploy.0 = Debug|ARM
		{9A60C0E4-1926-4C68-B1A9-823D0FB92809}.Debug|x64.ActiveCfg = Debug|x64
		{9A60C0E4-1926-4C68-B1A9-823D0FB92809}.Debug|x64.Build.0 = Debug|x64
		{9A60C0E4-1926-4C68-B1A9-823D0FB92809}.Debug|x64.Deploy.0 = Debug|x64
		{9A60C0E4-1926-4C68-B1A9-823D0FB92809}.Debug|x86.ActiveCfg = Debug|x86
		{9A60C0E4-1926-4C68-B1A9-823D0FB92809}.Debug|x86.Build.0 = Debug|x86
		{9A60C0E4-1926-4C68-B1A9-823D0FB92809}.Debug|x86.Deploy.0 = Debug|x86
		{9A60C0E4-1926-4C68-B1A9-823D0FB92809}.Release|Any CPU.ActiveCfg = Release|Any CPU
		{9A60C0E4-1926-4C68-B1A9-823D0FB92809}.Release|Any CPU.Build.0 = Release|Any CPU
		{9A60C0E4-1926-4C68-B1A9-823D0FB92809}.Release|Any CPU.Deploy.0 = Release|Any CPU
		{9A60C0E4-1926-4C68-B1A9-823D0FB92809}.Release|ARM.ActiveCfg = Release|ARM
		{9A60C0E4-1926-4C68-B1A9-823D0FB92809}.Release|ARM.Build.0 = Release|ARM
		{9A60C0E4-1926-4C68-B1A9-823D0FB92809}.Release|ARM.Deploy.0 = Release|ARM
		{9A60C0E4-1926-4C68-B1A9-823D0FB92809}.Release|x64.ActiveCfg = Release|x64
		{9A60C0E4-1926-4C68-B1A9-823D0FB92809}.Release|x64.Build.0 = Release|x64
		{9A60C0E4-1926-4C68-B1A9-823D0FB92809}.Release|x64.Deploy.0 = Release|x64
		{9A60C0E4-1926-4C68-B1A9-823D0FB92809}.Release|x86.ActiveCfg = Release|x86
		{9A60C0E4-1926-4C68-B1A9-823D0FB92809}.Release|x86.Build.0 = Release|x86
		{9A60C0E4-1926-4C68-B1A9-823D0FB92809}.Release|x86.Deploy.0 = Release|x86
	EndGlobalSection
	GlobalSection(SolutionProperties) = preSolution
		HideSolutionNode = FALSE
	EndGlobalSection
	GlobalSection(NestedProjects) = preSolution
		{50B68858-CBEA-4E06-942C-20FEE5BCE3EE} = {E8AABEA6-9EF3-4C19-8057-80B6B1922B62}
		{2C5CF118-B1CF-4245-9368-BA66E431DE03} = {E8AABEA6-9EF3-4C19-8057-80B6B1922B62}
		{B37CB8AD-907D-42A8-A815-3176F240FD93} = {E8AABEA6-9EF3-4C19-8057-80B6B1922B62}
		{24B24C85-9658-4932-B7CA-7274DA018B6E} = {E8AABEA6-9EF3-4C19-8057-80B6B1922B62}
	EndGlobalSection
EndGlobal
